
Microsoft Visual Studio Solution File, Format Version 12.00
# Visual Studio 15
VisualStudioVersion = 15.0.28010.2036
MinimumVisualStudioVersion = 10.0.40219.1
Project("{FAE04EC0-301F-11D3-BF4B-00C04F79EFBC}") = "Zatacka_own", "Zatacka_own\Zatacka_own.csproj", "{E639266E-B6C4-456F-A8CB-FF178993BB5B}"
EndProject
Global
	GlobalSection(SolutionConfigurationPlatforms) = preSolution
		Debug|Any CPU = Debug|Any CPU
		Release|Any CPU = Release|Any CPU
	EndGlobalSection
	GlobalSection(ProjectConfigurationPlatforms) = postSolution
		{E639266E-B6C4-456F-A8CB-FF178993BB5B}.Debug|Any CPU.ActiveCfg = Debug|Any CPU
		{E639266E-B6C4-456F-A8CB-FF178993BB5B}.Debug|Any CPU.Build.0 = Debug|Any CPU
		{E639266E-B6C4-456F-A8CB-FF178993BB5B}.Release|Any CPU.ActiveCfg = Release|Any CPU
		{E639266E-B6C4-456F-A8CB-FF178993BB5B}.Release|Any CPU.Build.0 = Release|Any CPU
	EndGlobalSection
	GlobalSection(SolutionProperties) = preSolution
		HideSolutionNode = FALSE
	EndGlobalSection
	GlobalSection(ExtensibilityGlobals) = postSolution
		SolutionGuid = {0C6E75A8-2CB5-46E1-9C15-721EE90E7861}
	EndGlobalSection
EndGlobal
